// !$*UTF8*$!
{
	archiveVersion = 1;
	classes = {
	};
	objectVersion = 55;
	objects = {

/* Begin PBXBuildFile section */
		950C21CB274655DC00021FCD /* RecipeView.swift in Sources */ = {isa = PBXBuildFile; fileRef = 950C21CA274655DC00021FCD /* RecipeView.swift */; };
		950C21CC274655DC00021FCD /* RecipeView.swift in Sources */ = {isa = PBXBuildFile; fileRef = 950C21CA274655DC00021FCD /* RecipeView.swift */; };
		950C21CE274656EF00021FCD /* BigButtonBottom.swift in Sources */ = {isa = PBXBuildFile; fileRef = 950C21CD274656EF00021FCD /* BigButtonBottom.swift */; };
		950C21CF274656EF00021FCD /* BigButtonBottom.swift in Sources */ = {isa = PBXBuildFile; fileRef = 950C21CD274656EF00021FCD /* BigButtonBottom.swift */; };
		950C21D12746572300021FCD /* StepsImage.swift in Sources */ = {isa = PBXBuildFile; fileRef = 950C21D02746572300021FCD /* StepsImage.swift */; };
		950C21D22746572300021FCD /* StepsImage.swift in Sources */ = {isa = PBXBuildFile; fileRef = 950C21D02746572300021FCD /* StepsImage.swift */; };
		950C21D52746577000021FCD /* IngredientsListView.swift in Sources */ = {isa = PBXBuildFile; fileRef = 950C21D42746577000021FCD /* IngredientsListView.swift */; };
		950C21D62746577000021FCD /* IngredientsListView.swift in Sources */ = {isa = PBXBuildFile; fileRef = 950C21D42746577000021FCD /* IngredientsListView.swift */; };
		950C21D8274657BE00021FCD /* TrophyCircleView.swift in Sources */ = {isa = PBXBuildFile; fileRef = 950C21D7274657BE00021FCD /* TrophyCircleView.swift */; };
		950C21D9274657BE00021FCD /* TrophyCircleView.swift in Sources */ = {isa = PBXBuildFile; fileRef = 950C21D7274657BE00021FCD /* TrophyCircleView.swift */; };
		950C21DB27465E3000021FCD /* RecipeIntroView.swift in Sources */ = {isa = PBXBuildFile; fileRef = 950C21DA27465E3000021FCD /* RecipeIntroView.swift */; };
		950C21DC27465E3000021FCD /* RecipeIntroView.swift in Sources */ = {isa = PBXBuildFile; fileRef = 950C21DA27465E3000021FCD /* RecipeIntroView.swift */; };
		F5B615222743BEE100AD47C6 /* cooKidsApp.swift in Sources */ = {isa = PBXBuildFile; fileRef = F5B615122743BEDF00AD47C6 /* cooKidsApp.swift */; };
		F5B615232743BEE100AD47C6 /* cooKidsApp.swift in Sources */ = {isa = PBXBuildFile; fileRef = F5B615122743BEDF00AD47C6 /* cooKidsApp.swift */; };
		F5B615242743BEE100AD47C6 /* ContentView.swift in Sources */ = {isa = PBXBuildFile; fileRef = F5B615132743BEDF00AD47C6 /* ContentView.swift */; };
		F5B615252743BEE100AD47C6 /* ContentView.swift in Sources */ = {isa = PBXBuildFile; fileRef = F5B615132743BEDF00AD47C6 /* ContentView.swift */; };
		F5B615262743BEE100AD47C6 /* Assets.xcassets in Resources */ = {isa = PBXBuildFile; fileRef = F5B615142743BEE100AD47C6 /* Assets.xcassets */; };
		F5B615272743BEE100AD47C6 /* Assets.xcassets in Resources */ = {isa = PBXBuildFile; fileRef = F5B615142743BEE100AD47C6 /* Assets.xcassets */; };
		F5B6154E274511CF00AD47C6 /* Trophy.swift in Sources */ = {isa = PBXBuildFile; fileRef = F5B6154D274511CF00AD47C6 /* Trophy.swift */; };
		F5B61559274565EF00AD47C6 /* Trophy.swift in Sources */ = {isa = PBXBuildFile; fileRef = F5B6154D274511CF00AD47C6 /* Trophy.swift */; };
		F5B6155B2745666200AD47C6 /* UserStore.swift in Sources */ = {isa = PBXBuildFile; fileRef = F5B6155A2745666200AD47C6 /* UserStore.swift */; };
		F5B6155C2745666200AD47C6 /* UserStore.swift in Sources */ = {isa = PBXBuildFile; fileRef = F5B6155A2745666200AD47C6 /* UserStore.swift */; };
		F5B6155E2745807D00AD47C6 /* Recipe.swift in Sources */ = {isa = PBXBuildFile; fileRef = F5B6155D2745807D00AD47C6 /* Recipe.swift */; };
		F5B6155F2745807D00AD47C6 /* Recipe.swift in Sources */ = {isa = PBXBuildFile; fileRef = F5B6155D2745807D00AD47C6 /* Recipe.swift */; };
/* End PBXBuildFile section */

/* Begin PBXFileReference section */
		950C21CA274655DC00021FCD /* RecipeView.swift */ = {isa = PBXFileReference; lastKnownFileType = sourcecode.swift; name = RecipeView.swift; path = Shared/ViewsComponents/RecipeView.swift; sourceTree = SOURCE_ROOT; };
		950C21CD274656EF00021FCD /* BigButtonBottom.swift */ = {isa = PBXFileReference; lastKnownFileType = sourcecode.swift; path = BigButtonBottom.swift; sourceTree = "<group>"; };
		950C21D02746572300021FCD /* StepsImage.swift */ = {isa = PBXFileReference; lastKnownFileType = sourcecode.swift; path = StepsImage.swift; sourceTree = "<group>"; };
		950C21D42746577000021FCD /* IngredientsListView.swift */ = {isa = PBXFileReference; lastKnownFileType = sourcecode.swift; path = IngredientsListView.swift; sourceTree = "<group>"; };
		950C21D7274657BE00021FCD /* TrophyCircleView.swift */ = {isa = PBXFileReference; lastKnownFileType = sourcecode.swift; path = TrophyCircleView.swift; sourceTree = "<group>"; };
		950C21DA27465E3000021FCD /* RecipeIntroView.swift */ = {isa = PBXFileReference; lastKnownFileType = sourcecode.swift; path = RecipeIntroView.swift; sourceTree = "<group>"; };
		F5B615122743BEDF00AD47C6 /* cooKidsApp.swift */ = {isa = PBXFileReference; lastKnownFileType = sourcecode.swift; path = cooKidsApp.swift; sourceTree = "<group>"; };
		F5B615132743BEDF00AD47C6 /* ContentView.swift */ = {isa = PBXFileReference; lastKnownFileType = sourcecode.swift; path = ContentView.swift; sourceTree = "<group>"; };
		F5B615142743BEE100AD47C6 /* Assets.xcassets */ = {isa = PBXFileReference; lastKnownFileType = folder.assetcatalog; path = Assets.xcassets; sourceTree = "<group>"; };
		F5B615192743BEE100AD47C6 /* cooKids.app */ = {isa = PBXFileReference; explicitFileType = wrapper.application; includeInIndex = 0; path = cooKids.app; sourceTree = BUILT_PRODUCTS_DIR; };
		F5B6151F2743BEE100AD47C6 /* cooKids.app */ = {isa = PBXFileReference; explicitFileType = wrapper.application; includeInIndex = 0; path = cooKids.app; sourceTree = BUILT_PRODUCTS_DIR; };
		F5B615212743BEE100AD47C6 /* macOS.entitlements */ = {isa = PBXFileReference; lastKnownFileType = text.plist.entitlements; path = macOS.entitlements; sourceTree = "<group>"; };
		F5B6154D274511CF00AD47C6 /* Trophy.swift */ = {isa = PBXFileReference; lastKnownFileType = sourcecode.swift; path = Trophy.swift; sourceTree = "<group>"; };
		F5B6155A2745666200AD47C6 /* UserStore.swift */ = {isa = PBXFileReference; lastKnownFileType = sourcecode.swift; path = UserStore.swift; sourceTree = "<group>"; };
		F5B6155D2745807D00AD47C6 /* Recipe.swift */ = {isa = PBXFileReference; lastKnownFileType = sourcecode.swift; path = Recipe.swift; sourceTree = "<group>"; };
/* End PBXFileReference section */

/* Begin PBXFrameworksBuildPhase section */
		F5B615162743BEE100AD47C6 /* Frameworks */ = {
			isa = PBXFrameworksBuildPhase;
			buildActionMask = 2147483647;
			files = (
			);
			runOnlyForDeploymentPostprocessing = 0;
		};
		F5B6151C2743BEE100AD47C6 /* Frameworks */ = {
			isa = PBXFrameworksBuildPhase;
			buildActionMask = 2147483647;
			files = (
			);
			runOnlyForDeploymentPostprocessing = 0;
		};
/* End PBXFrameworksBuildPhase section */

/* Begin PBXGroup section */
		950C21D32746573B00021FCD /* ViewsComponents */ = {
			isa = PBXGroup;
			children = (
				950C21CA274655DC00021FCD /* RecipeView.swift */,
				950C21D02746572300021FCD /* StepsImage.swift */,
				950C21D42746577000021FCD /* IngredientsListView.swift */,
				950C21D7274657BE00021FCD /* TrophyCircleView.swift */,
				950C21CD274656EF00021FCD /* BigButtonBottom.swift */,
			);
			path = ViewsComponents;
			sourceTree = "<group>";
		};
		F5B6150C2743BEDF00AD47C6 = {
			isa = PBXGroup;
			children = (
				F5B615112743BEDF00AD47C6 /* Shared */,
				F5B615202743BEE100AD47C6 /* macOS */,
				F5B6151A2743BEE100AD47C6 /* Products */,
			);
			sourceTree = "<group>";
		};
		F5B615112743BEDF00AD47C6 /* Shared */ = {
			isa = PBXGroup;
			children = (
				F5B615122743BEDF00AD47C6 /* cooKidsApp.swift */,
				F5B615132743BEDF00AD47C6 /* ContentView.swift */,
				950C21DA27465E3000021FCD /* RecipeIntroView.swift */,
				950C21D32746573B00021FCD /* ViewsComponents */,
				F5B6154A2745112D00AD47C6 /* Model */,
				F5B615142743BEE100AD47C6 /* Assets.xcassets */,
			);
			path = Shared;
			sourceTree = "<group>";
		};
		F5B6151A2743BEE100AD47C6 /* Products */ = {
			isa = PBXGroup;
			children = (
				F5B615192743BEE100AD47C6 /* cooKids.app */,
				F5B6151F2743BEE100AD47C6 /* cooKids.app */,
			);
			name = Products;
			sourceTree = "<group>";
		};
		F5B615202743BEE100AD47C6 /* macOS */ = {
			isa = PBXGroup;
			children = (
				F5B615212743BEE100AD47C6 /* macOS.entitlements */,
			);
			path = macOS;
			sourceTree = "<group>";
		};
		F5B6154A2745112D00AD47C6 /* Model */ = {
			isa = PBXGroup;
			children = (
				F5B6155D2745807D00AD47C6 /* Recipe.swift */,
				F5B6154D274511CF00AD47C6 /* Trophy.swift */,
				F5B6155A2745666200AD47C6 /* UserStore.swift */,
			);
			path = Model;
			sourceTree = "<group>";
		};
/* End PBXGroup section */

/* Begin PBXNativeTarget section */
		F5B615182743BEE100AD47C6 /* cooKids (iOS) */ = {
			isa = PBXNativeTarget;
			buildConfigurationList = F5B6152A2743BEE100AD47C6 /* Build configuration list for PBXNativeTarget "cooKids (iOS)" */;
			buildPhases = (
				F5B615152743BEE100AD47C6 /* Sources */,
				F5B615162743BEE100AD47C6 /* Frameworks */,
				F5B615172743BEE100AD47C6 /* Resources */,
			);
			buildRules = (
			);
			dependencies = (
			);
			name = "cooKids (iOS)";
			productName = "cooKids (iOS)";
			productReference = F5B615192743BEE100AD47C6 /* cooKids.app */;
			productType = "com.apple.product-type.application";
		};
		F5B6151E2743BEE100AD47C6 /* cooKids (macOS) */ = {
			isa = PBXNativeTarget;
			buildConfigurationList = F5B6152D2743BEE100AD47C6 /* Build configuration list for PBXNativeTarget "cooKids (macOS)" */;
			buildPhases = (
				F5B6151B2743BEE100AD47C6 /* Sources */,
				F5B6151C2743BEE100AD47C6 /* Frameworks */,
				F5B6151D2743BEE100AD47C6 /* Resources */,
			);
			buildRules = (
			);
			dependencies = (
			);
			name = "cooKids (macOS)";
			productName = "cooKids (macOS)";
			productReference = F5B6151F2743BEE100AD47C6 /* cooKids.app */;
			productType = "com.apple.product-type.application";
		};
/* End PBXNativeTarget section */

/* Begin PBXProject section */
		F5B6150D2743BEDF00AD47C6 /* Project object */ = {
			isa = PBXProject;
			attributes = {
				BuildIndependentTargetsInParallel = 1;
				LastSwiftUpdateCheck = 1310;
				LastUpgradeCheck = 1310;
				TargetAttributes = {
					F5B615182743BEE100AD47C6 = {
						CreatedOnToolsVersion = 13.1;
					};
					F5B6151E2743BEE100AD47C6 = {
						CreatedOnToolsVersion = 13.1;
					};
				};
			};
			buildConfigurationList = F5B615102743BEDF00AD47C6 /* Build configuration list for PBXProject "cooKids" */;
			compatibilityVersion = "Xcode 13.0";
			developmentRegion = en;
			hasScannedForEncodings = 0;
			knownRegions = (
				en,
				Base,
			);
			mainGroup = F5B6150C2743BEDF00AD47C6;
			productRefGroup = F5B6151A2743BEE100AD47C6 /* Products */;
			projectDirPath = "";
			projectRoot = "";
			targets = (
				F5B615182743BEE100AD47C6 /* cooKids (iOS) */,
				F5B6151E2743BEE100AD47C6 /* cooKids (macOS) */,
			);
		};
/* End PBXProject section */

/* Begin PBXResourcesBuildPhase section */
		F5B615172743BEE100AD47C6 /* Resources */ = {
			isa = PBXResourcesBuildPhase;
			buildActionMask = 2147483647;
			files = (
				F5B615262743BEE100AD47C6 /* Assets.xcassets in Resources */,
			);
			runOnlyForDeploymentPostprocessing = 0;
		};
		F5B6151D2743BEE100AD47C6 /* Resources */ = {
			isa = PBXResourcesBuildPhase;
			buildActionMask = 2147483647;
			files = (
				F5B615272743BEE100AD47C6 /* Assets.xcassets in Resources */,
			);
			runOnlyForDeploymentPostprocessing = 0;
		};
/* End PBXResourcesBuildPhase section */

/* Begin PBXSourcesBuildPhase section */
		F5B615152743BEE100AD47C6 /* Sources */ = {
			isa = PBXSourcesBuildPhase;
			buildActionMask = 2147483647;
			files = (
				950C21D52746577000021FCD /* IngredientsListView.swift in Sources */,
				950C21CB274655DC00021FCD /* RecipeView.swift in Sources */,
				950C21DB27465E3000021FCD /* RecipeIntroView.swift in Sources */,
				F5B6155B2745666200AD47C6 /* UserStore.swift in Sources */,
				F5B6154E274511CF00AD47C6 /* Trophy.swift in Sources */,
				950C21D8274657BE00021FCD /* TrophyCircleView.swift in Sources */,
				F5B615242743BEE100AD47C6 /* ContentView.swift in Sources */,
				F5B615222743BEE100AD47C6 /* cooKidsApp.swift in Sources */,
				950C21D12746572300021FCD /* StepsImage.swift in Sources */,
				950C21CE274656EF00021FCD /* BigButtonBottom.swift in Sources */,
				F5B6155E2745807D00AD47C6 /* Recipe.swift in Sources */,
			);
			runOnlyForDeploymentPostprocessing = 0;
		};
		F5B6151B2743BEE100AD47C6 /* Sources */ = {
			isa = PBXSourcesBuildPhase;
			buildActionMask = 2147483647;
			files = (
				950C21D62746577000021FCD /* IngredientsListView.swift in Sources */,
				950C21CC274655DC00021FCD /* RecipeView.swift in Sources */,
				950C21DC27465E3000021FCD /* RecipeIntroView.swift in Sources */,
				F5B615252743BEE100AD47C6 /* ContentView.swift in Sources */,
				F5B6155C2745666200AD47C6 /* UserStore.swift in Sources */,
				950C21D9274657BE00021FCD /* TrophyCircleView.swift in Sources */,
				F5B61559274565EF00AD47C6 /* Trophy.swift in Sources */,
				F5B615232743BEE100AD47C6 /* cooKidsApp.swift in Sources */,
				950C21D22746572300021FCD /* StepsImage.swift in Sources */,
				950C21CF274656EF00021FCD /* BigButtonBottom.swift in Sources */,
				F5B6155F2745807D00AD47C6 /* Recipe.swift in Sources */,
			);
			runOnlyForDeploymentPostprocessing = 0;
		};
/* End PBXSourcesBuildPhase section */

/* Begin XCBuildConfiguration section */
		F5B615282743BEE100AD47C6 /* Debug */ = {
			isa = XCBuildConfiguration;
			buildSettings = {
				ALWAYS_SEARCH_USER_PATHS = NO;
				CLANG_ANALYZER_NONNULL = YES;
				CLANG_ANALYZER_NUMBER_OBJECT_CONVERSION = YES_AGGRESSIVE;
				CLANG_CXX_LANGUAGE_STANDARD = "gnu++17";
				CLANG_CXX_LIBRARY = "libc++";
				CLANG_ENABLE_MODULES = YES;
				CLANG_ENABLE_OBJC_ARC = YES;
				CLANG_ENABLE_OBJC_WEAK = YES;
				CLANG_WARN_BLOCK_CAPTURE_AUTORELEASING = YES;
				CLANG_WARN_BOOL_CONVERSION = YES;
				CLANG_WARN_COMMA = YES;
				CLANG_WARN_CONSTANT_CONVERSION = YES;
				CLANG_WARN_DEPRECATED_OBJC_IMPLEMENTATIONS = YES;
				CLANG_WARN_DIRECT_OBJC_ISA_USAGE = YES_ERROR;
				CLANG_WARN_DOCUMENTATION_COMMENTS = YES;
				CLANG_WARN_EMPTY_BODY = YES;
				CLANG_WARN_ENUM_CONVERSION = YES;
				CLANG_WARN_INFINITE_RECURSION = YES;
				CLANG_WARN_INT_CONVERSION = YES;
				CLANG_WARN_NON_LITERAL_NULL_CONVERSION = YES;
				CLANG_WARN_OBJC_IMPLICIT_RETAIN_SELF = YES;
				CLANG_WARN_OBJC_LITERAL_CONVERSION = YES;
				CLANG_WARN_OBJC_ROOT_CLASS = YES_ERROR;
				CLANG_WARN_QUOTED_INCLUDE_IN_FRAMEWORK_HEADER = YES;
				CLANG_WARN_RANGE_LOOP_ANALYSIS = YES;
				CLANG_WARN_STRICT_PROTOTYPES = YES;
				CLANG_WARN_SUSPICIOUS_MOVE = YES;
				CLANG_WARN_UNGUARDED_AVAILABILITY = YES_AGGRESSIVE;
				CLANG_WARN_UNREACHABLE_CODE = YES;
				CLANG_WARN__DUPLICATE_METHOD_MATCH = YES;
				COPY_PHASE_STRIP = NO;
				DEBUG_INFORMATION_FORMAT = dwarf;
				ENABLE_STRICT_OBJC_MSGSEND = YES;
				ENABLE_TESTABILITY = YES;
				GCC_C_LANGUAGE_STANDARD = gnu11;
				GCC_DYNAMIC_NO_PIC = NO;
				GCC_NO_COMMON_BLOCKS = YES;
				GCC_OPTIMIZATION_LEVEL = 0;
				GCC_PREPROCESSOR_DEFINITIONS = (
					"DEBUG=1",
					"$(inherited)",
				);
				GCC_WARN_64_TO_32_BIT_CONVERSION = YES;
				GCC_WARN_ABOUT_RETURN_TYPE = YES_ERROR;
				GCC_WARN_UNDECLARED_SELECTOR = YES;
				GCC_WARN_UNINITIALIZED_AUTOS = YES_AGGRESSIVE;
				GCC_WARN_UNUSED_FUNCTION = YES;
				GCC_WARN_UNUSED_VARIABLE = YES;
				MTL_ENABLE_DEBUG_INFO = INCLUDE_SOURCE;
				MTL_FAST_MATH = YES;
				ONLY_ACTIVE_ARCH = YES;
				SWIFT_ACTIVE_COMPILATION_CONDITIONS = DEBUG;
				SWIFT_OPTIMIZATION_LEVEL = "-Onone";
			};
			name = Debug;
		};
		F5B615292743BEE100AD47C6 /* Release */ = {
			isa = XCBuildConfiguration;
			buildSettings = {
				ALWAYS_SEARCH_USER_PATHS = NO;
				CLANG_ANALYZER_NONNULL = YES;
				CLANG_ANALYZER_NUMBER_OBJECT_CONVERSION = YES_AGGRESSIVE;
				CLANG_CXX_LANGUAGE_STANDARD = "gnu++17";
				CLANG_CXX_LIBRARY = "libc++";
				CLANG_ENABLE_MODULES = YES;
				CLANG_ENABLE_OBJC_ARC = YES;
				CLANG_ENABLE_OBJC_WEAK = YES;
				CLANG_WARN_BLOCK_CAPTURE_AUTORELEASING = YES;
				CLANG_WARN_BOOL_CONVERSION = YES;
				CLANG_WARN_COMMA = YES;
				CLANG_WARN_CONSTANT_CONVERSION = YES;
				CLANG_WARN_DEPRECATED_OBJC_IMPLEMENTATIONS = YES;
				CLANG_WARN_DIRECT_OBJC_ISA_USAGE = YES_ERROR;
				CLANG_WARN_DOCUMENTATION_COMMENTS = YES;
				CLANG_WARN_EMPTY_BODY = YES;
				CLANG_WARN_ENUM_CONVERSION = YES;
				CLANG_WARN_INFINITE_RECURSION = YES;
				CLANG_WARN_INT_CONVERSION = YES;
				CLANG_WARN_NON_LITERAL_NULL_CONVERSION = YES;
				CLANG_WARN_OBJC_IMPLICIT_RETAIN_SELF = YES;
				CLANG_WARN_OBJC_LITERAL_CONVERSION = YES;
				CLANG_WARN_OBJC_ROOT_CLASS = YES_ERROR;
				CLANG_WARN_QUOTED_INCLUDE_IN_FRAMEWORK_HEADER = YES;
				CLANG_WARN_RANGE_LOOP_ANALYSIS = YES;
				CLANG_WARN_STRICT_PROTOTYPES = YES;
				CLANG_WARN_SUSPICIOUS_MOVE = YES;
				CLANG_WARN_UNGUARDED_AVAILABILITY = YES_AGGRESSIVE;
				CLANG_WARN_UNREACHABLE_CODE = YES;
				CLANG_WARN__DUPLICATE_METHOD_MATCH = YES;
				COPY_PHASE_STRIP = NO;
				DEBUG_INFORMATION_FORMAT = "dwarf-with-dsym";
				ENABLE_NS_ASSERTIONS = NO;
				ENABLE_STRICT_OBJC_MSGSEND = YES;
				GCC_C_LANGUAGE_STANDARD = gnu11;
				GCC_NO_COMMON_BLOCKS = YES;
				GCC_WARN_64_TO_32_BIT_CONVERSION = YES;
				GCC_WARN_ABOUT_RETURN_TYPE = YES_ERROR;
				GCC_WARN_UNDECLARED_SELECTOR = YES;
				GCC_WARN_UNINITIALIZED_AUTOS = YES_AGGRESSIVE;
				GCC_WARN_UNUSED_FUNCTION = YES;
				GCC_WARN_UNUSED_VARIABLE = YES;
				MTL_ENABLE_DEBUG_INFO = NO;
				MTL_FAST_MATH = YES;
				SWIFT_COMPILATION_MODE = wholemodule;
				SWIFT_OPTIMIZATION_LEVEL = "-O";
			};
			name = Release;
		};
		F5B6152B2743BEE100AD47C6 /* Debug */ = {
			isa = XCBuildConfiguration;
			buildSettings = {
				ASSETCATALOG_COMPILER_APPICON_NAME = AppIcon;
				ASSETCATALOG_COMPILER_GLOBAL_ACCENT_COLOR_NAME = AccentColor;
				CODE_SIGN_STYLE = Automatic;
				CURRENT_PROJECT_VERSION = 1;
				ENABLE_PREVIEWS = YES;
				GENERATE_INFOPLIST_FILE = YES;
				INFOPLIST_KEY_UIApplicationSceneManifest_Generation = YES;
				INFOPLIST_KEY_UIApplicationSupportsIndirectInputEvents = YES;
				INFOPLIST_KEY_UILaunchScreen_Generation = YES;
				INFOPLIST_KEY_UISupportedInterfaceOrientations = UIInterfaceOrientationPortrait;
				INFOPLIST_KEY_UISupportedInterfaceOrientations_iPad = "UIInterfaceOrientationPortrait UIInterfaceOrientationPortraitUpsideDown UIInterfaceOrientationLandscapeLeft UIInterfaceOrientationLandscapeRight";
				INFOPLIST_KEY_UISupportedInterfaceOrientations_iPhone = "UIInterfaceOrientationPortrait UIInterfaceOrientationLandscapeLeft UIInterfaceOrientationLandscapeRight";
				IPHONEOS_DEPLOYMENT_TARGET = 15.0;
				LD_RUNPATH_SEARCH_PATHS = (
					"$(inherited)",
					"@executable_path/Frameworks",
				);
				MARKETING_VERSION = 1.0;
				PRODUCT_BUNDLE_IDENTIFIER = mimimmi.cooKids;
				PRODUCT_NAME = cooKids;
				SDKROOT = iphoneos;
				SWIFT_EMIT_LOC_STRINGS = YES;
				SWIFT_VERSION = 5.0;
				TARGETED_DEVICE_FAMILY = "1,2";
			};
			name = Debug;
		};
		F5B6152C2743BEE100AD47C6 /* Release */ = {
			isa = XCBuildConfiguration;
			buildSettings = {
				ASSETCATALOG_COMPILER_APPICON_NAME = AppIcon;
				ASSETCATALOG_COMPILER_GLOBAL_ACCENT_COLOR_NAME = AccentColor;
				CODE_SIGN_STYLE = Automatic;
				CURRENT_PROJECT_VERSION = 1;
				ENABLE_PREVIEWS = YES;
				GENERATE_INFOPLIST_FILE = YES;
				INFOPLIST_KEY_UIApplicationSceneManifest_Generation = YES;
				INFOPLIST_KEY_UIApplicationSupportsIndirectInputEvents = YES;
				INFOPLIST_KEY_UILaunchScreen_Generation = YES;
				INFOPLIST_KEY_UISupportedInterfaceOrientations = UIInterfaceOrientationPortrait;
				INFOPLIST_KEY_UISupportedInterfaceOrientations_iPad = "UIInterfaceOrientationPortrait UIInterfaceOrientationPortraitUpsideDown UIInterfaceOrientationLandscapeLeft UIInterfaceOrientationLandscapeRight";
				INFOPLIST_KEY_UISupportedInterfaceOrientations_iPhone = "UIInterfaceOrientationPortrait UIInterfaceOrientationLandscapeLeft UIInterfaceOrientationLandscapeRight";
				IPHONEOS_DEPLOYMENT_TARGET = 15.0;
				LD_RUNPATH_SEARCH_PATHS = (
					"$(inherited)",
					"@executable_path/Frameworks",
				);
				MARKETING_VERSION = 1.0;
				PRODUCT_BUNDLE_IDENTIFIER = mimimmi.cooKids;
				PRODUCT_NAME = cooKids;
				SDKROOT = iphoneos;
				SWIFT_EMIT_LOC_STRINGS = YES;
				SWIFT_VERSION = 5.0;
				TARGETED_DEVICE_FAMILY = "1,2";
				VALIDATE_PRODUCT = YES;
			};
			name = Release;
		};
		F5B6152E2743BEE100AD47C6 /* Debug */ = {
			isa = XCBuildConfiguration;
			buildSettings = {
				ASSETCATALOG_COMPILER_APPICON_NAME = AppIcon;
				ASSETCATALOG_COMPILER_GLOBAL_ACCENT_COLOR_NAME = AccentColor;
				CODE_SIGN_ENTITLEMENTS = macOS/macOS.entitlements;
				CODE_SIGN_STYLE = Automatic;
				COMBINE_HIDPI_IMAGES = YES;
				CURRENT_PROJECT_VERSION = 1;
				ENABLE_PREVIEWS = YES;
				GENERATE_INFOPLIST_FILE = YES;
				INFOPLIST_KEY_NSHumanReadableCopyright = "";
				LD_RUNPATH_SEARCH_PATHS = (
					"$(inherited)",
					"@executable_path/../Frameworks",
				);
				MACOSX_DEPLOYMENT_TARGET = 12.0;
				MARKETING_VERSION = 1.0;
				PRODUCT_BUNDLE_IDENTIFIER = mimimmi.cooKids;
				PRODUCT_NAME = cooKids;
				SDKROOT = macosx;
				SWIFT_EMIT_LOC_STRINGS = YES;
				SWIFT_VERSION = 5.0;
			};
			name = Debug;
		};
		F5B6152F2743BEE100AD47C6 /* Release */ = {
			isa = XCBuildConfiguration;
			buildSettings = {
				ASSETCATALOG_COMPILER_APPICON_NAME = AppIcon;
				ASSETCATALOG_COMPILER_GLOBAL_ACCENT_COLOR_NAME = AccentColor;
				CODE_SIGN_ENTITLEMENTS = macOS/macOS.entitlements;
				CODE_SIGN_STYLE = Automatic;
				COMBINE_HIDPI_IMAGES = YES;
				CURRENT_PROJECT_VERSION = 1;
				ENABLE_PREVIEWS = YES;
				GENERATE_INFOPLIST_FILE = YES;
				INFOPLIST_KEY_NSHumanReadableCopyright = "";
				LD_RUNPATH_SEARCH_PATHS = (
					"$(inherited)",
					"@executable_path/../Frameworks",
				);
				MACOSX_DEPLOYMENT_TARGET = 12.0;
				MARKETING_VERSION = 1.0;
				PRODUCT_BUNDLE_IDENTIFIER = mimimmi.cooKids;
				PRODUCT_NAME = cooKids;
				SDKROOT = macosx;
				SWIFT_EMIT_LOC_STRINGS = YES;
				SWIFT_VERSION = 5.0;
			};
			name = Release;
		};
/* End XCBuildConfiguration section */

/* Begin XCConfigurationList section */
		F5B615102743BEDF00AD47C6 /* Build configuration list for PBXProject "cooKids" */ = {
			isa = XCConfigurationList;
			buildConfigurations = (
				F5B615282743BEE100AD47C6 /* Debug */,
				F5B615292743BEE100AD47C6 /* Release */,
			);
			defaultConfigurationIsVisible = 0;
			defaultConfigurationName = Release;
		};
		F5B6152A2743BEE100AD47C6 /* Build configuration list for PBXNativeTarget "cooKids (iOS)" */ = {
			isa = XCConfigurationList;
			buildConfigurations = (
				F5B6152B2743BEE100AD47C6 /* Debug */,
				F5B6152C2743BEE100AD47C6 /* Release */,
			);
			defaultConfigurationIsVisible = 0;
			defaultConfigurationName = Release;
		};
		F5B6152D2743BEE100AD47C6 /* Build configuration list for PBXNativeTarget "cooKids (macOS)" */ = {
			isa = XCConfigurationList;
			buildConfigurations = (
				F5B6152E2743BEE100AD47C6 /* Debug */,
				F5B6152F2743BEE100AD47C6 /* Release */,
			);
			defaultConfigurationIsVisible = 0;
			defaultConfigurationName = Release;
		};
/* End XCConfigurationList section */
	};
	rootObject = F5B6150D2743BEDF00AD47C6 /* Project object */;
}
